
Microsoft Visual Studio Solution File, Format Version 12.00
# Visual Studio Version 17
VisualStudioVersion = 17.4.33103.184
MinimumVisualStudioVersion = 10.0.40219.1
Project("{2150E333-8FDC-42A3-9474-1A3956D46DE8}") = "cluster", "cluster", "{2FA1A6EC-9A42-4F81-8832-B9CB4BA1861A}"
EndProject
Project("{2150E333-8FDC-42A3-9474-1A3956D46DE8}") = "Solution Items", "Solution Items", "{1152976E-0CB3-4A59-BE15-0E0F7142E11B}"
	ProjectSection(SolutionItems) = preProject
		appveyor.yml = appveyor.yml
		README.md = README.md
		test.bat = test.bat
	EndProjectSection
EndProject
Project("{9A19103F-16F7-4668-BE54-9A1E7A4F7556}") = "Hangfire.Samples.Framework", "Hangfire.Samples.Framework\Hangfire.Samples.Framework.csproj", "{A17A5C3E-C323-45F8-94E0-999456D00370}"
EndProject
Project("{9A19103F-16F7-4668-BE54-9A1E7A4F7556}") = "Hangfire.Topshelf", "Hangfire.Topshelf\Hangfire.Topshelf.csproj", "{B1759419-9FC0-40CB-BB7E-E7C18EBC499F}"
EndProject
Project("{9A19103F-16F7-4668-BE54-9A1E7A4F7556}") = "HF.Samples.APIs", "cluster\HF.Samples.APIs\HF.Samples.APIs.csproj", "{8AF30AC6-047B-4446-AB45-94918566191B}"
EndProject
Project("{9A19103F-16F7-4668-BE54-9A1E7A4F7556}") = "HF.Samples.Console", "cluster\HF.Samples.Console\HF.Samples.Console.csproj", "{1F851E36-7289-474F-9B86-E79A60537FA3}"
EndProject
Project("{9A19103F-16F7-4668-BE54-9A1E7A4F7556}") = "HF.Samples.Consumer", "cluster\HF.Samples.Consumer\HF.Samples.Consumer.csproj", "{D166FC54-F940-41F1-A7ED-6336CD4BE564}"
EndProject
Project("{9A19103F-16F7-4668-BE54-9A1E7A4F7556}") = "HF.Samples.GoodsService", "cluster\HF.Samples.GoodsService\HF.Samples.GoodsService.csproj", "{25D9F0EF-7338-4C63-A3BE-95D22E377DF0}"
EndProject
Project("{9A19103F-16F7-4668-BE54-9A1E7A4F7556}") = "HF.Samples.OrderService", "cluster\HF.Samples.OrderService\HF.Samples.OrderService.csproj", "{491EE82B-B50D-4DA0-8DE2-5810DB755011}"
EndProject
Project("{9A19103F-16F7-4668-BE54-9A1E7A4F7556}") = "HF.Samples.ServerNode", "cluster\HF.Samples.ServerNode\HF.Samples.ServerNode.csproj", "{A6A5399B-53A1-400C-9AE0-8B9F5598C4B1}"
EndProject
Project("{9A19103F-16F7-4668-BE54-9A1E7A4F7556}") = "HF.Samples.StorageService", "cluster\HF.Samples.StorageService\HF.Samples.StorageService.csproj", "{ADF9492E-3C9D-4609-94B4-D96996B9F90A}"
EndProject
Project("{2150E333-8FDC-42A3-9474-1A3956D46DE8}") = "Hangfire.Autofac", "Hangfire.Autofac", "{4BE2A940-F621-43C6-A4F9-D54B37DC865B}"
EndProject
Project("{9A19103F-16F7-4668-BE54-9A1E7A4F7556}") = "HangFire.Autofac", "Hangfire.Autofac\HangFire.Autofac\HangFire.Autofac.csproj", "{AB3348F3-C39A-49E4-BD0C-E6D79C82A95F}"
EndProject
Project("{9A19103F-16F7-4668-BE54-9A1E7A4F7556}") = "HangFire.Autofac.Tests", "Hangfire.Autofac\HangFire.Autofac.Tests\HangFire.Autofac.Tests.csproj", "{DD257FDC-4F1D-4A79-9229-D195585B4567}"
EndProject
Project("{2150E333-8FDC-42A3-9474-1A3956D46DE8}") = "Hangfire.RecurringJobExtensions", "Hangfire.RecurringJobExtensions", "{428DFB1C-9A81-4245-AD96-C0A88CE93F6D}"
EndProject
Project("{2150E333-8FDC-42A3-9474-1A3956D46DE8}") = "samples", "samples", "{07C6E837-1027-4324-8809-212648F89FF7}"
EndProject
Project("{9A19103F-16F7-4668-BE54-9A1E7A4F7556}") = "Hangfire.Samples", "Hangfire.RecurringJobExtensions\samples\Hangfire.Samples\Hangfire.Samples.csproj", "{1AA39114-7C90-4664-95E3-8376002C28A9}"
EndProject
Project("{2150E333-8FDC-42A3-9474-1A3956D46DE8}") = "src", "src", "{98903C15-E2E5-4361-896F-C2D7D5A9EDC9}"
EndProject
Project("{9A19103F-16F7-4668-BE54-9A1E7A4F7556}") = "Hangfire.RecurringJobExtensions", "Hangfire.RecurringJobExtensions\src\Hangfire.RecurringJobExtensions\Hangfire.RecurringJobExtensions.csproj", "{A5E8F8FF-3474-4FF2-9420-74E4472D060B}"
EndProject
Project("{2150E333-8FDC-42A3-9474-1A3956D46DE8}") = "test", "test", "{0DA3554D-844E-4F8F-8B86-3E576627630E}"
EndProject
Project("{9A19103F-16F7-4668-BE54-9A1E7A4F7556}") = "Hangfire.RecurringJobExtensions.Tests", "Hangfire.RecurringJobExtensions\test\Hangfire.RecurringJobExtensions.Tests\Hangfire.RecurringJobExtensions.Tests.csproj", "{D7EB1F29-57AF-4CDB-9C43-5618C7134543}"
EndProject
Global
	GlobalSection(SolutionConfigurationPlatforms) = preSolution
		Debug|Any CPU = Debug|Any CPU
		Release|Any CPU = Release|Any CPU
	EndGlobalSection
	GlobalSection(ProjectConfigurationPlatforms) = postSolution
		{A17A5C3E-C323-45F8-94E0-999456D00370}.Debug|Any CPU.ActiveCfg = Debug|Any CPU
		{A17A5C3E-C323-45F8-94E0-999456D00370}.Debug|Any CPU.Build.0 = Debug|Any CPU
		{A17A5C3E-C323-45F8-94E0-999456D00370}.Release|Any CPU.ActiveCfg = Release|Any CPU
		{A17A5C3E-C323-45F8-94E0-999456D00370}.Release|Any CPU.Build.0 = Release|Any CPU
		{B1759419-9FC0-40CB-BB7E-E7C18EBC499F}.Debug|Any CPU.ActiveCfg = Debug|Any CPU
		{B1759419-9FC0-40CB-BB7E-E7C18EBC499F}.Debug|Any CPU.Build.0 = Debug|Any CPU
		{B1759419-9FC0-40CB-BB7E-E7C18EBC499F}.Release|Any CPU.ActiveCfg = Release|Any CPU
		{B1759419-9FC0-40CB-BB7E-E7C18EBC499F}.Release|Any CPU.Build.0 = Release|Any CPU
		{8AF30AC6-047B-4446-AB45-94918566191B}.Debug|Any CPU.ActiveCfg = Debug|Any CPU
		{8AF30AC6-047B-4446-AB45-94918566191B}.Debug|Any CPU.Build.0 = Debug|Any CPU
		{8AF30AC6-047B-4446-AB45-94918566191B}.Release|Any CPU.ActiveCfg = Release|Any CPU
		{8AF30AC6-047B-4446-AB45-94918566191B}.Release|Any CPU.Build.0 = Release|Any CPU
		{1F851E36-7289-474F-9B86-E79A60537FA3}.Debug|Any CPU.ActiveCfg = Debug|Any CPU
		{1F851E36-7289-474F-9B86-E79A60537FA3}.Debug|Any CPU.Build.0 = Debug|Any CPU
		{1F851E36-7289-474F-9B86-E79A60537FA3}.Release|Any CPU.ActiveCfg = Release|Any CPU
		{1F851E36-7289-474F-9B86-E79A60537FA3}.Release|Any CPU.Build.0 = Release|Any CPU
		{D166FC54-F940-41F1-A7ED-6336CD4BE564}.Debug|Any CPU.ActiveCfg = Debug|Any CPU
		{D166FC54-F940-41F1-A7ED-6336CD4BE564}.Debug|Any CPU.Build.0 = Debug|Any CPU
		{D166FC54-F940-41F1-A7ED-6336CD4BE564}.Release|Any CPU.ActiveCfg = Release|Any CPU
		{D166FC54-F940-41F1-A7ED-6336CD4BE564}.Release|Any CPU.Build.0 = Release|Any CPU
		{25D9F0EF-7338-4C63-A3BE-95D22E377DF0}.Debug|Any CPU.ActiveCfg = Debug|Any CPU
		{25D9F0EF-7338-4C63-A3BE-95D22E377DF0}.Debug|Any CPU.Build.0 = Debug|Any CPU
		{25D9F0EF-7338-4C63-A3BE-95D22E377DF0}.Release|Any CPU.ActiveCfg = Release|Any CPU
		{25D9F0EF-7338-4C63-A3BE-95D22E377DF0}.Release|Any CPU.Build.0 = Release|Any CPU
		{491EE82B-B50D-4DA0-8DE2-5810DB755011}.Debug|Any CPU.ActiveCfg = Debug|Any CPU
		{491EE82B-B50D-4DA0-8DE2-5810DB755011}.Debug|Any CPU.Build.0 = Debug|Any CPU
		{491EE82B-B50D-4DA0-8DE2-5810DB755011}.Release|Any CPU.ActiveCfg = Release|Any CPU
		{491EE82B-B50D-4DA0-8DE2-5810DB755011}.Release|Any CPU.Build.0 = Release|Any CPU
		{A6A5399B-53A1-400C-9AE0-8B9F5598C4B1}.Debug|Any CPU.ActiveCfg = Debug|Any CPU
		{A6A5399B-53A1-400C-9AE0-8B9F5598C4B1}.Debug|Any CPU.Build.0 = Debug|Any CPU
		{A6A5399B-53A1-400C-9AE0-8B9F5598C4B1}.Release|Any CPU.ActiveCfg = Release|Any CPU
		{A6A5399B-53A1-400C-9AE0-8B9F5598C4B1}.Release|Any CPU.Build.0 = Release|Any CPU
		{ADF9492E-3C9D-4609-94B4-D96996B9F90A}.Debug|Any CPU.ActiveCfg = Debug|Any CPU
		{ADF9492E-3C9D-4609-94B4-D96996B9F90A}.Debug|Any CPU.Build.0 = Debug|Any CPU
		{ADF9492E-3C9D-4609-94B4-D96996B9F90A}.Release|Any CPU.ActiveCfg = Release|Any CPU
		{ADF9492E-3C9D-4609-94B4-D96996B9F90A}.Release|Any CPU.Build.0 = Release|Any CPU
		{AB3348F3-C39A-49E4-BD0C-E6D79C82A95F}.Debug|Any CPU.ActiveCfg = Debug|Any CPU
		{AB3348F3-C39A-49E4-BD0C-E6D79C82A95F}.Debug|Any CPU.Build.0 = Debug|Any CPU
		{AB3348F3-C39A-49E4-BD0C-E6D79C82A95F}.Release|Any CPU.ActiveCfg = Release|Any CPU
		{AB3348F3-C39A-49E4-BD0C-E6D79C82A95F}.Release|Any CPU.Build.0 = Release|Any CPU
		{DD257FDC-4F1D-4A79-9229-D195585B4567}.Debug|Any CPU.ActiveCfg = Debug|Any CPU
		{DD257FDC-4F1D-4A79-9229-D195585B4567}.Debug|Any CPU.Build.0 = Debug|Any CPU
		{DD257FDC-4F1D-4A79-9229-D195585B4567}.Release|Any CPU.ActiveCfg = Release|Any CPU
		{DD257FDC-4F1D-4A79-9229-D195585B4567}.Release|Any CPU.Build.0 = Release|Any CPU
		{1AA39114-7C90-4664-95E3-8376002C28A9}.Debug|Any CPU.ActiveCfg = Debug|Any CPU
		{1AA39114-7C90-4664-95E3-8376002C28A9}.Debug|Any CPU.Build.0 = Debug|Any CPU
		{1AA39114-7C90-4664-95E3-8376002C28A9}.Release|Any CPU.ActiveCfg = Release|Any CPU
		{1AA39114-7C90-4664-95E3-8376002C28A9}.Release|Any CPU.Build.0 = Release|Any CPU
		{A5E8F8FF-3474-4FF2-9420-74E4472D060B}.Debug|Any CPU.ActiveCfg = Debug|Any CPU
		{A5E8F8FF-3474-4FF2-9420-74E4472D060B}.Debug|Any CPU.Build.0 = Debug|Any CPU
		{A5E8F8FF-3474-4FF2-9420-74E4472D060B}.Release|Any CPU.ActiveCfg = Release|Any CPU
		{A5E8F8FF-3474-4FF2-9420-74E4472D060B}.Release|Any CPU.Build.0 = Release|Any CPU
		{D7EB1F29-57AF-4CDB-9C43-5618C7134543}.Debug|Any CPU.ActiveCfg = Debug|Any CPU
		{D7EB1F29-57AF-4CDB-9C43-5618C7134543}.Debug|Any CPU.Build.0 = Debug|Any CPU
		{D7EB1F29-57AF-4CDB-9C43-5618C7134543}.Release|Any CPU.ActiveCfg = Release|Any CPU
		{D7EB1F29-57AF-4CDB-9C43-5618C7134543}.Release|Any CPU.Build.0 = Release|Any CPU
	EndGlobalSection
	GlobalSection(SolutionProperties) = preSolution
		HideSolutionNode = FALSE
	EndGlobalSection
	GlobalSection(NestedProjects) = preSolution
		{8AF30AC6-047B-4446-AB45-94918566191B} = {2FA1A6EC-9A42-4F81-8832-B9CB4BA1861A}
		{1F851E36-7289-474F-9B86-E79A60537FA3} = {2FA1A6EC-9A42-4F81-8832-B9CB4BA1861A}
		{D166FC54-F940-41F1-A7ED-6336CD4BE564} = {2FA1A6EC-9A42-4F81-8832-B9CB4BA1861A}
		{25D9F0EF-7338-4C63-A3BE-95D22E377DF0} = {2FA1A6EC-9A42-4F81-8832-B9CB4BA1861A}
		{491EE82B-B50D-4DA0-8DE2-5810DB755011} = {2FA1A6EC-9A42-4F81-8832-B9CB4BA1861A}
		{A6A5399B-53A1-400C-9AE0-8B9F5598C4B1} = {2FA1A6EC-9A42-4F81-8832-B9CB4BA1861A}
		{ADF9492E-3C9D-4609-94B4-D96996B9F90A} = {2FA1A6EC-9A42-4F81-8832-B9CB4BA1861A}
		{AB3348F3-C39A-49E4-BD0C-E6D79C82A95F} = {4BE2A940-F621-43C6-A4F9-D54B37DC865B}
		{DD257FDC-4F1D-4A79-9229-D195585B4567} = {4BE2A940-F621-43C6-A4F9-D54B37DC865B}
		{07C6E837-1027-4324-8809-212648F89FF7} = {428DFB1C-9A81-4245-AD96-C0A88CE93F6D}
		{1AA39114-7C90-4664-95E3-8376002C28A9} = {07C6E837-1027-4324-8809-212648F89FF7}
		{98903C15-E2E5-4361-896F-C2D7D5A9EDC9} = {428DFB1C-9A81-4245-AD96-C0A88CE93F6D}
		{A5E8F8FF-3474-4FF2-9420-74E4472D060B} = {98903C15-E2E5-4361-896F-C2D7D5A9EDC9}
		{0DA3554D-844E-4F8F-8B86-3E576627630E} = {428DFB1C-9A81-4245-AD96-C0A88CE93F6D}
		{D7EB1F29-57AF-4CDB-9C43-5618C7134543} = {0DA3554D-844E-4F8F-8B86-3E576627630E}
	EndGlobalSection
	GlobalSection(ExtensibilityGlobals) = postSolution
		SolutionGuid = {48F73820-0406-49C0-98C0-7160925997A0}
	EndGlobalSection
EndGlobal
